{
  "version": 1,
  "dependencies": {
    "net10.0": {
      "Microsoft.NET.Test.Sdk": {
        "type": "Direct",
        "requested": "[17.12.0, )",
        "resolved": "17.12.0",
        "contentHash": "kt/PKBZ91rFCWxVIJZSgVLk+YR+4KxTuHf799ho8WNiK5ZQpJNAEZCAWX86vcKrs+DiYjiibpYKdGZP6+/N17w==",
        "dependencies": {
          "Microsoft.CodeCoverage": "17.12.0",
          "Microsoft.TestPlatform.TestHost": "17.12.0"
        }
      },
      "xunit": {
        "type": "Direct",
        "requested": "[2.6.6, )",
        "resolved": "2.6.6",
        "contentHash": "MAbOOMtZIKyn2lrAmMlvhX0BhDOX/smyrTB+8WTXnSKkrmTGBS2fm8g1PZtHBPj91Dc5DJA7fY+/81TJ/yUFZw==",
        "dependencies": {
          "xunit.analyzers": "1.10.0",
          "xunit.assert": "2.6.6",
          "xunit.core": "[2.6.6]"
        }
      },
      "xunit.runner.visualstudio": {
        "type": "Direct",
        "requested": "[2.8.0, )",
        "resolved": "2.8.0",
        "contentHash": "mqQbS2zr8dfgSWxkNOC6UTzO8JoqpTmM5+FFn2XR/2nVmx2JvEY0YbM5pt2FmXVg9YVe+jKUPHd6KrroyCl67w=="
      },
      "Microsoft.AspNetCore.Connections.Abstractions": {
        "type": "Transitive",
        "resolved": "2.1.0-rc1-final",
        "contentHash": "1eE+Hml8yITBaNO+5P2f5G8FIN/lX+FOfdw2SrgNLfSlg0inlmSKHqwDz6OzrsK2Pqu4RHWd/v9P6FLfLiaeQA==",
        "dependencies": {
          "Microsoft.AspNetCore.Http.Features": "2.1.0-rc1-final"
        }
      },
      "Microsoft.AspNetCore.Hosting.Abstractions": {
        "type": "Transitive",
        "resolved": "2.1.0-rc1-final",
        "contentHash": "ZS9+q2D4gDRy9egkX5iOAztWYtOcmMbuPpGh3Vh2ayDgZ0qnOF4n/BYN+kZgCWE+KtLeunAwmXspNj7aHXJYgw==",
        "dependencies": {
          "Microsoft.AspNetCore.Hosting.Server.Abstractions": "2.1.0-rc1-final",
          "Microsoft.AspNetCore.Http.Abstractions": "2.1.0-rc1-final",
          "Microsoft.Extensions.Hosting.Abstractions": "2.1.0-rc1-final"
        }
      },
      "Microsoft.AspNetCore.Hosting.Server.Abstractions": {
        "type": "Transitive",
        "resolved": "2.1.0-rc1-final",
        "contentHash": "9zEHPWJduVTLanNVRuptCB2zrhY1D7/n6vgdPypmRtq3eR51fgfYyDsalZXQeFNOsKdVaD4PuSEP3DiLed8bYg==",
        "dependencies": {
          "Microsoft.AspNetCore.Http.Features": "2.1.0-rc1-final",
          "Microsoft.Extensions.Configuration.Abstractions": "2.1.0-rc1-final"
        }
      },
      "Microsoft.AspNetCore.Http.Abstractions": {
        "type": "Transitive",
        "resolved": "2.1.0-rc1-final",
        "contentHash": "k8rteCcVexd8yh5DLi4Vo4UU3vyQpHP43d13jalWixImsHSgvDjkjuOUE8MK9oTlHd9utSsl8Vyeh1v2vABVvg==",
        "dependencies": {
          "Microsoft.AspNetCore.Http.Features": "2.1.0-rc1-final"
        }
      },
      "Microsoft.AspNetCore.Http.Features": {
        "type": "Transitive",
        "resolved": "2.1.0-rc1-final",
        "contentHash": "BwPSAufLsQjTyeGhm//f+GXhV9s68dJRPGIPy0tH5vPgRiTxMxTOqhi3ReJOR9fYnLkf1zxf/dLEly4INk1+dg==",
        "dependencies": {
          "Microsoft.Extensions.Primitives": "2.1.0-rc1-final"
        }
      },
      "Microsoft.AspNetCore.Server.Kestrel.Transport.Abstractions": {
        "type": "Transitive",
        "resolved": "2.1.0-rc1-final",
        "contentHash": "OJ53lhivBAjVmNMWiwB8hiXZ6IW8xKlhkWAG8gHTWruCaH4ofqIK1HjVcFgsf1Olu4/sc2jGGBmMWMSoTb5e1A==",
        "dependencies": {
          "Microsoft.AspNetCore.Connections.Abstractions": "2.1.0-rc1-final"
        }
      },
      "Microsoft.CodeCoverage": {
        "type": "Transitive",
        "resolved": "17.12.0",
        "contentHash": "4svMznBd5JM21JIG2xZKGNanAHNXplxf/kQDFfLHXQ3OnpJkayRK/TjacFjA+EYmoyuNXHo/sOETEfcYtAzIrA=="
      },
      "Microsoft.Extensions.Configuration.Abstractions": {
        "type": "Transitive",
        "resolved": "2.1.0-rc1-final",
        "contentHash": "U0Q+2iXLHmLrYNl0afYa/Co0J8E/q5E81n3InSa8D8w25OiqOU5ETaOT4/ridVtHTNTcGao34LtMWTnOl/Ly+A==",
        "dependencies": {
          "Microsoft.Extensions.Primitives": "2.1.0-rc1-final"
        }
      },
      "Microsoft.Extensions.DependencyInjection.Abstractions": {
        "type": "Transitive",
        "resolved": "2.1.0-rc1-final",
        "contentHash": "WDSDj1JvNlBYfGyU+4TwDrN7LhJX15RmTnTeH5nVOvDOpju17vqx39yChgXeEAwm9kVwCXrRvs5RQWGVLd1cuw=="
      },
      "Microsoft.Extensions.FileProviders.Abstractions": {
        "type": "Transitive",
        "resolved": "2.1.0-rc1-final",
        "contentHash": "o4C2e7UUiwAUtNrF+itJKBKNSVGXEE4i3tCtkK2oLk1/CJ88hnEHU+A299NKpUloMbsXH4Z+29lPUbNsKHoeTw==",
        "dependencies": {
          "Microsoft.Extensions.Primitives": "2.1.0-rc1-final"
        }
      },
      "Microsoft.Extensions.Hosting.Abstractions": {
        "type": "Transitive",
        "resolved": "2.1.0-rc1-final",
        "contentHash": "G+UwVxCWW8p6aEQy5iPt1gt4H4L+LbXyOGVXMZwOVE03KJpg6IxBFd7VkgEsnVhXsjuGdCV0m/76MnJuTMvs+w==",
        "dependencies": {
          "Microsoft.Extensions.Configuration.Abstractions": "2.1.0-rc1-final",
          "Microsoft.Extensions.DependencyInjection.Abstractions": "2.1.0-rc1-final",
          "Microsoft.Extensions.FileProviders.Abstractions": "2.1.0-rc1-final",
          "Microsoft.Extensions.Logging.Abstractions": "2.1.0-rc1-final"
        }
      },
      "Microsoft.Extensions.Logging.Abstractions": {
        "type": "Transitive",
        "resolved": "2.1.0-rc1-final",
        "contentHash": "wbv9lUGJPJ+nKMyHWBiImSI99n70nynYW+lKQhUa8fJTr3G2sNUaN12uXh3+riNwnNX+YJldhdo38v8s6N8ZSA=="
      },
      "Microsoft.Extensions.Options": {
        "type": "Transitive",
        "resolved": "2.1.0-rc1-final",
        "contentHash": "uRkR6l93U/2FVlijdHfdb8NafesLr46dB1RkHtgt8p+lVPy6MspXxvbftEPKFSlT9uT0wWlGw8FEyZSQsex23w==",
        "dependencies": {
          "Microsoft.Extensions.DependencyInjection.Abstractions": "2.1.0-rc1-final",
          "Microsoft.Extensions.Primitives": "2.1.0-rc1-final"
        }
      },
      "Microsoft.Extensions.Primitives": {
        "type": "Transitive",
        "resolved": "2.1.0-rc1-final",
        "contentHash": "UR92OPDCSSBckjDELE1ZOzioml4jrMTYo2LmP3d+HhY56GeS6gwVwTNTxMb3VL1KXKzkYzdbQSo3xVwN6z9Ogg=="
      },
      "Microsoft.TestPlatform.ObjectModel": {
        "type": "Transitive",
        "resolved": "17.12.0",
        "contentHash": "TDqkTKLfQuAaPcEb3pDDWnh7b3SyZF+/W9OZvWFp6eJCIiiYFdSB6taE2I6tWrFw5ywhzOb6sreoGJTI6m3rSQ=="
      },
      "Microsoft.TestPlatform.TestHost": {
        "type": "Transitive",
        "resolved": "17.12.0",
        "contentHash": "MiPEJQNyADfwZ4pJNpQex+t9/jOClBGMiCiVVFuELCMSX2nmNfvUor3uFVxNNCg30uxDP8JDYfPnMXQzsfzYyg==",
        "dependencies": {
          "Microsoft.TestPlatform.ObjectModel": "17.12.0",
          "Newtonsoft.Json": "13.0.1"
        }
      },
      "Newtonsoft.Json": {
        "type": "Transitive",
        "resolved": "13.0.1",
        "contentHash": "ppPFpBcvxdsfUonNcvITKqLl3bqxWbDCZIzDWHzjpdAHRFfZe0Dw9HmA0+za13IdyrgJwpkDTDA9fHaxOrt20A=="
      },
      "xunit.abstractions": {
        "type": "Transitive",
        "resolved": "2.0.3",
        "contentHash": "pot1I4YOxlWjIb5jmwvvQNbTrZ3lJQ+jUGkGjWE3hEFM0l5gOnBWS+H3qsex68s5cO52g+44vpGzhAt+42vwKg=="
      },
      "xunit.analyzers": {
        "type": "Transitive",
        "resolved": "1.10.0",
        "contentHash": "Lw8CiDy5NaAWcO6keqD7iZHYUTIuCOcoFrUHw5Sv84ITZ9gFeDybdkVdH0Y2maSlP9fUjtENyiykT44zwFQIHA=="
      },
      "xunit.assert": {
        "type": "Transitive",
        "resolved": "2.6.6",
        "contentHash": "74Cm9lAZOk5TKCz2MvCBCByKsS23yryOKDIMxH3XRDHXmfGM02jKZWzRA7g4mGB41GnBnv/pcWP3vUYkrCtEcg=="
      },
      "xunit.core": {
        "type": "Transitive",
        "resolved": "2.6.6",
        "contentHash": "tqi7RfaNBqM7t8zx6QHryuBPzmotsZXKGaWnopQG2Ez5UV7JoWuyoNdT6gLpDIcKdGYey6YTXJdSr9IXDMKwjg==",
        "dependencies": {
          "xunit.extensibility.core": "[2.6.6]",
          "xunit.extensibility.execution": "[2.6.6]"
        }
      },
      "xunit.extensibility.core": {
        "type": "Transitive",
        "resolved": "2.6.6",
        "contentHash": "ty6VKByzbx4Toj4/VGJLEnlmOawqZiMv0in/tLju+ftA+lbWuAWDERM+E52Jfhj4ZYHrAYVa14KHK5T+dq0XxA==",
        "dependencies": {
          "xunit.abstractions": "2.0.3"
        }
      },
      "xunit.extensibility.execution": {
        "type": "Transitive",
        "resolved": "2.6.6",
        "contentHash": "UDjIVGj2TepVKN3n32/qXIdb3U6STwTb9L6YEwoQO2A8OxiJS5QAVv2l1aT6tDwwv/9WBmm8Khh/LyHALipcng==",
        "dependencies": {
          "xunit.extensibility.core": "[2.6.6]"
        }
      },
      "magma.common": {
        "type": "Project"
      },
      "magma.internet.ip": {
        "type": "Project",
        "dependencies": {
          "Magma.Common": "[1.0.0, )"
        }
      },
      "magma.link": {
        "type": "Project"
      },
      "magma.netmap": {
        "type": "Project",
        "dependencies": {
          "Magma.Common": "[1.0.0, )",
          "Magma.Link": "[1.0.0, )",
          "Magma.Network.Abstractions": "[1.0.0, )",
          "Magma.PCap": "[1.0.0, )",
          "Magma.Transport.Tcp": "[1.0.0, )",
          "Microsoft.AspNetCore.Server.Kestrel.Transport.Abstractions": "[2.1.0-rc1-final, )"
        }
      },
      "magma.network.abstractions": {
        "type": "Project"
      },
      "magma.pcap": {
        "type": "Project"
      },
      "magma.transport.tcp": {
        "type": "Project",
        "dependencies": {
          "Magma.Common": "[1.0.0, )",
          "Magma.Internet.Ip": "[1.0.0, )",
          "Magma.Link": "[1.0.0, )",
          "Magma.Network.Abstractions": "[1.0.0, )",
          "Microsoft.AspNetCore.Hosting.Abstractions": "[2.1.0-rc1-final, )",
          "Microsoft.AspNetCore.Server.Kestrel.Transport.Abstractions": "[2.1.0-rc1-final, )",
          "Microsoft.Extensions.Options": "[2.1.0-rc1-final, )"
        }
      }
    }
  }
}