
Microsoft Visual Studio Solution File, Format Version 12.00
# Visual Studio 15
VisualStudioVersion = 15.0.26124.0
MinimumVisualStudioVersion = 15.0.26124.0
Project("{2150E333-8FDC-42A3-9474-1A3956D46DE8}") = "Solution Items", "Solution Items", "{349471F5-6612-4580-A3F2-9049DCB75114}"
	ProjectSection(SolutionItems) = preProject
		.EditorConfig = .EditorConfig
		version.props = version.props
	EndProjectSection
EndProject
Project("{2150E333-8FDC-42A3-9474-1A3956D46DE8}") = "src", "src", "{34A1DC50-486C-4BB9-9929-1805CA0B0DD0}"
EndProject
Project("{2150E333-8FDC-42A3-9474-1A3956D46DE8}") = "test", "test", "{B1BA53C8-CCCF-46D5-BA9F-6031811F2E19}"
EndProject
Project("{9A19103F-16F7-4668-BE54-9A1E7A4F7556}") = "Magma.Link", "src\Magma.Link\Magma.Link.csproj", "{44FBF1F8-FDFB-4EF5-B8F7-81DCAD24B78A}"
EndProject
Project("{9A19103F-16F7-4668-BE54-9A1E7A4F7556}") = "Magma.Internet.Icmp", "src\Magma.Internet.Icmp\Magma.Internet.Icmp.csproj", "{33BCC702-E02E-4155-906D-F3B376063C17}"
EndProject
Project("{9A19103F-16F7-4668-BE54-9A1E7A4F7556}") = "Magma.Internet.Ip", "src\Magma.Internet.Ip\Magma.Internet.Ip.csproj", "{972D4793-BCCE-4BFB-BA89-32885E9B2E1F}"
EndProject
Project("{9A19103F-16F7-4668-BE54-9A1E7A4F7556}") = "Magma.Transport.Tcp", "src\Magma.Transport.Tcp\Magma.Transport.Tcp.csproj", "{DBCEC797-0A94-4653-A3B6-22FEE7A6D0CF}"
EndProject
Project("{9A19103F-16F7-4668-BE54-9A1E7A4F7556}") = "Magma.Transport.Udp", "src\Magma.Transport.Udp\Magma.Transport.Udp.csproj", "{4183C47E-2CCB-4C77-9CE0-6D67BB737181}"
EndProject
Project("{9A19103F-16F7-4668-BE54-9A1E7A4F7556}") = "Magma.NetMap", "src\Magma.NetMap\Magma.NetMap.csproj", "{A913D86A-B8CE-4982-8182-0FBAA1826D68}"
EndProject
Project("{9A19103F-16F7-4668-BE54-9A1E7A4F7556}") = "Magma.NetMap.Facts", "test\Magma.NetMap.Facts\Magma.NetMap.Facts.csproj", "{8CF7D378-2BDC-4CC0-8659-F43B49A9249C}"
EndProject
Project("{9A19103F-16F7-4668-BE54-9A1E7A4F7556}") = "Magma.NetMap.Host", "samples\Magma.NetMap.Host\Magma.NetMap.Host.csproj", "{D148C3A3-5355-4D4E-B213-C86B6731F0B1}"
EndProject
Project("{2150E333-8FDC-42A3-9474-1A3956D46DE8}") = "sample", "sample", "{23E375E0-8A4A-4D6A-8C96-9F2046CE9EB0}"
EndProject
Project("{9A19103F-16F7-4668-BE54-9A1E7A4F7556}") = "Magma.Common", "src\Magma.Common\Magma.Common.csproj", "{A4A05425-7F1E-42CF-AE29-5F6ACBFD8274}"
EndProject
Project("{9A19103F-16F7-4668-BE54-9A1E7A4F7556}") = "Magma.Network.Abstractions", "src\Magma.Network.Abstractions\Magma.Network.Abstractions.csproj", "{C500EF56-987B-4047-9999-831D0E558231}"
EndProject
Project("{9A19103F-16F7-4668-BE54-9A1E7A4F7556}") = "Magma.Network", "src\Magma.Network\Magma.Network.csproj", "{5AAC4981-C1AB-471E-A0B3-C0BBFE8CD855}"
EndProject
Project("{9A19103F-16F7-4668-BE54-9A1E7A4F7556}") = "Magma.Link.Facts", "test\Magma.Link.Facts\Magma.Link.Facts.csproj", "{15262650-814E-4631-A0EE-98D4857BF0B3}"
EndProject
Project("{9A19103F-16F7-4668-BE54-9A1E7A4F7556}") = "Magma.Common.Facts", "test\Magma.Common.Facts\Magma.Common.Facts.csproj", "{D8E37D7D-E535-4790-B93C-1E60AD624C70}"
EndProject
Project("{2150E333-8FDC-42A3-9474-1A3956D46DE8}") = "benchmarks", "benchmarks", "{0581267E-B53B-4BBE-BB90-80C3CA0C4ACD}"
EndProject
Project("{9A19103F-16F7-4668-BE54-9A1E7A4F7556}") = "Magma.Performance", "benchmarks\Magma.Performance\Magma.Performance.csproj", "{C2C87D71-4BB3-4DD1-BE4D-35DEBF927290}"
EndProject
Project("{9A19103F-16F7-4668-BE54-9A1E7A4F7556}") = "Magma.NetMap.TcpHost", "sample\Magma.NetMap.TcpHost\Magma.NetMap.TcpHost.csproj", "{358CD7A8-E78B-4DCD-8640-EA62442755D7}"
EndProject
Project("{9A19103F-16F7-4668-BE54-9A1E7A4F7556}") = "Magma.Internet.Ip.Facts", "test\Magma.Internet.Ip.Facts\Magma.Internet.Ip.Facts.csproj", "{47D45F49-E8E0-4267-9FDA-8635DA6F5348}"
EndProject
Project("{FAE04EC0-301F-11D3-BF4B-00C04F79EFBC}") = "Magma.PCap", "src\Magma.PCap\Magma.PCap.csproj", "{F91B0866-9DF5-488D-AD3E-1E471509C60F}"
EndProject
Global
	GlobalSection(SolutionConfigurationPlatforms) = preSolution
		Debug|Any CPU = Debug|Any CPU
		Release|Any CPU = Release|Any CPU
	EndGlobalSection
	GlobalSection(ProjectConfigurationPlatforms) = postSolution
		{44FBF1F8-FDFB-4EF5-B8F7-81DCAD24B78A}.Debug|Any CPU.ActiveCfg = Debug|Any CPU
		{44FBF1F8-FDFB-4EF5-B8F7-81DCAD24B78A}.Debug|Any CPU.Build.0 = Debug|Any CPU
		{44FBF1F8-FDFB-4EF5-B8F7-81DCAD24B78A}.Release|Any CPU.ActiveCfg = Release|Any CPU
		{44FBF1F8-FDFB-4EF5-B8F7-81DCAD24B78A}.Release|Any CPU.Build.0 = Release|Any CPU
		{33BCC702-E02E-4155-906D-F3B376063C17}.Debug|Any CPU.ActiveCfg = Debug|Any CPU
		{33BCC702-E02E-4155-906D-F3B376063C17}.Debug|Any CPU.Build.0 = Debug|Any CPU
		{33BCC702-E02E-4155-906D-F3B376063C17}.Release|Any CPU.ActiveCfg = Release|Any CPU
		{33BCC702-E02E-4155-906D-F3B376063C17}.Release|Any CPU.Build.0 = Release|Any CPU
		{972D4793-BCCE-4BFB-BA89-32885E9B2E1F}.Debug|Any CPU.ActiveCfg = Debug|Any CPU
		{972D4793-BCCE-4BFB-BA89-32885E9B2E1F}.Debug|Any CPU.Build.0 = Debug|Any CPU
		{972D4793-BCCE-4BFB-BA89-32885E9B2E1F}.Release|Any CPU.ActiveCfg = Release|Any CPU
		{972D4793-BCCE-4BFB-BA89-32885E9B2E1F}.Release|Any CPU.Build.0 = Release|Any CPU
		{DBCEC797-0A94-4653-A3B6-22FEE7A6D0CF}.Debug|Any CPU.ActiveCfg = Debug|Any CPU
		{DBCEC797-0A94-4653-A3B6-22FEE7A6D0CF}.Debug|Any CPU.Build.0 = Debug|Any CPU
		{DBCEC797-0A94-4653-A3B6-22FEE7A6D0CF}.Release|Any CPU.ActiveCfg = Release|Any CPU
		{DBCEC797-0A94-4653-A3B6-22FEE7A6D0CF}.Release|Any CPU.Build.0 = Release|Any CPU
		{4183C47E-2CCB-4C77-9CE0-6D67BB737181}.Debug|Any CPU.ActiveCfg = Debug|Any CPU
		{4183C47E-2CCB-4C77-9CE0-6D67BB737181}.Debug|Any CPU.Build.0 = Debug|Any CPU
		{4183C47E-2CCB-4C77-9CE0-6D67BB737181}.Release|Any CPU.ActiveCfg = Release|Any CPU
		{4183C47E-2CCB-4C77-9CE0-6D67BB737181}.Release|Any CPU.Build.0 = Release|Any CPU
		{A913D86A-B8CE-4982-8182-0FBAA1826D68}.Debug|Any CPU.ActiveCfg = Debug|Any CPU
		{A913D86A-B8CE-4982-8182-0FBAA1826D68}.Debug|Any CPU.Build.0 = Debug|Any CPU
		{A913D86A-B8CE-4982-8182-0FBAA1826D68}.Release|Any CPU.ActiveCfg = Release|Any CPU
		{A913D86A-B8CE-4982-8182-0FBAA1826D68}.Release|Any CPU.Build.0 = Release|Any CPU
		{8CF7D378-2BDC-4CC0-8659-F43B49A9249C}.Debug|Any CPU.ActiveCfg = Debug|Any CPU
		{8CF7D378-2BDC-4CC0-8659-F43B49A9249C}.Debug|Any CPU.Build.0 = Debug|Any CPU
		{8CF7D378-2BDC-4CC0-8659-F43B49A9249C}.Release|Any CPU.ActiveCfg = Release|Any CPU
		{8CF7D378-2BDC-4CC0-8659-F43B49A9249C}.Release|Any CPU.Build.0 = Release|Any CPU
		{D148C3A3-5355-4D4E-B213-C86B6731F0B1}.Debug|Any CPU.ActiveCfg = Debug|Any CPU
		{D148C3A3-5355-4D4E-B213-C86B6731F0B1}.Debug|Any CPU.Build.0 = Debug|Any CPU
		{D148C3A3-5355-4D4E-B213-C86B6731F0B1}.Release|Any CPU.ActiveCfg = Release|Any CPU
		{D148C3A3-5355-4D4E-B213-C86B6731F0B1}.Release|Any CPU.Build.0 = Release|Any CPU
		{A4A05425-7F1E-42CF-AE29-5F6ACBFD8274}.Debug|Any CPU.ActiveCfg = Debug|Any CPU
		{A4A05425-7F1E-42CF-AE29-5F6ACBFD8274}.Debug|Any CPU.Build.0 = Debug|Any CPU
		{A4A05425-7F1E-42CF-AE29-5F6ACBFD8274}.Release|Any CPU.ActiveCfg = Release|Any CPU
		{A4A05425-7F1E-42CF-AE29-5F6ACBFD8274}.Release|Any CPU.Build.0 = Release|Any CPU
		{C500EF56-987B-4047-9999-831D0E558231}.Debug|Any CPU.ActiveCfg = Debug|Any CPU
		{C500EF56-987B-4047-9999-831D0E558231}.Debug|Any CPU.Build.0 = Debug|Any CPU
		{C500EF56-987B-4047-9999-831D0E558231}.Release|Any CPU.ActiveCfg = Release|Any CPU
		{C500EF56-987B-4047-9999-831D0E558231}.Release|Any CPU.Build.0 = Release|Any CPU
		{5AAC4981-C1AB-471E-A0B3-C0BBFE8CD855}.Debug|Any CPU.ActiveCfg = Debug|Any CPU
		{5AAC4981-C1AB-471E-A0B3-C0BBFE8CD855}.Debug|Any CPU.Build.0 = Debug|Any CPU
		{5AAC4981-C1AB-471E-A0B3-C0BBFE8CD855}.Release|Any CPU.ActiveCfg = Release|Any CPU
		{5AAC4981-C1AB-471E-A0B3-C0BBFE8CD855}.Release|Any CPU.Build.0 = Release|Any CPU
		{15262650-814E-4631-A0EE-98D4857BF0B3}.Debug|Any CPU.ActiveCfg = Debug|Any CPU
		{15262650-814E-4631-A0EE-98D4857BF0B3}.Debug|Any CPU.Build.0 = Debug|Any CPU
		{15262650-814E-4631-A0EE-98D4857BF0B3}.Release|Any CPU.ActiveCfg = Release|Any CPU
		{15262650-814E-4631-A0EE-98D4857BF0B3}.Release|Any CPU.Build.0 = Release|Any CPU
		{D8E37D7D-E535-4790-B93C-1E60AD624C70}.Debug|Any CPU.ActiveCfg = Debug|Any CPU
		{D8E37D7D-E535-4790-B93C-1E60AD624C70}.Debug|Any CPU.Build.0 = Debug|Any CPU
		{D8E37D7D-E535-4790-B93C-1E60AD624C70}.Release|Any CPU.ActiveCfg = Release|Any CPU
		{D8E37D7D-E535-4790-B93C-1E60AD624C70}.Release|Any CPU.Build.0 = Release|Any CPU
		{C2C87D71-4BB3-4DD1-BE4D-35DEBF927290}.Debug|Any CPU.ActiveCfg = Debug|Any CPU
		{C2C87D71-4BB3-4DD1-BE4D-35DEBF927290}.Debug|Any CPU.Build.0 = Debug|Any CPU
		{C2C87D71-4BB3-4DD1-BE4D-35DEBF927290}.Release|Any CPU.ActiveCfg = Release|Any CPU
		{C2C87D71-4BB3-4DD1-BE4D-35DEBF927290}.Release|Any CPU.Build.0 = Release|Any CPU
		{358CD7A8-E78B-4DCD-8640-EA62442755D7}.Debug|Any CPU.ActiveCfg = Debug|Any CPU
		{358CD7A8-E78B-4DCD-8640-EA62442755D7}.Debug|Any CPU.Build.0 = Debug|Any CPU
		{358CD7A8-E78B-4DCD-8640-EA62442755D7}.Release|Any CPU.ActiveCfg = Release|Any CPU
		{358CD7A8-E78B-4DCD-8640-EA62442755D7}.Release|Any CPU.Build.0 = Release|Any CPU
		{47D45F49-E8E0-4267-9FDA-8635DA6F5348}.Debug|Any CPU.ActiveCfg = Debug|Any CPU
		{47D45F49-E8E0-4267-9FDA-8635DA6F5348}.Debug|Any CPU.Build.0 = Debug|Any CPU
		{47D45F49-E8E0-4267-9FDA-8635DA6F5348}.Release|Any CPU.ActiveCfg = Release|Any CPU
		{47D45F49-E8E0-4267-9FDA-8635DA6F5348}.Release|Any CPU.Build.0 = Release|Any CPU
		{F91B0866-9DF5-488D-AD3E-1E471509C60F}.Debug|Any CPU.ActiveCfg = Debug|Any CPU
		{F91B0866-9DF5-488D-AD3E-1E471509C60F}.Debug|Any CPU.Build.0 = Debug|Any CPU
		{F91B0866-9DF5-488D-AD3E-1E471509C60F}.Release|Any CPU.ActiveCfg = Release|Any CPU
		{F91B0866-9DF5-488D-AD3E-1E471509C60F}.Release|Any CPU.Build.0 = Release|Any CPU
	EndGlobalSection
	GlobalSection(SolutionProperties) = preSolution
		HideSolutionNode = FALSE
	EndGlobalSection
	GlobalSection(NestedProjects) = preSolution
		{44FBF1F8-FDFB-4EF5-B8F7-81DCAD24B78A} = {34A1DC50-486C-4BB9-9929-1805CA0B0DD0}
		{33BCC702-E02E-4155-906D-F3B376063C17} = {34A1DC50-486C-4BB9-9929-1805CA0B0DD0}
		{972D4793-BCCE-4BFB-BA89-32885E9B2E1F} = {34A1DC50-486C-4BB9-9929-1805CA0B0DD0}
		{DBCEC797-0A94-4653-A3B6-22FEE7A6D0CF} = {34A1DC50-486C-4BB9-9929-1805CA0B0DD0}
		{4183C47E-2CCB-4C77-9CE0-6D67BB737181} = {34A1DC50-486C-4BB9-9929-1805CA0B0DD0}
		{A913D86A-B8CE-4982-8182-0FBAA1826D68} = {34A1DC50-486C-4BB9-9929-1805CA0B0DD0}
		{8CF7D378-2BDC-4CC0-8659-F43B49A9249C} = {B1BA53C8-CCCF-46D5-BA9F-6031811F2E19}
		{D148C3A3-5355-4D4E-B213-C86B6731F0B1} = {23E375E0-8A4A-4D6A-8C96-9F2046CE9EB0}
		{A4A05425-7F1E-42CF-AE29-5F6ACBFD8274} = {34A1DC50-486C-4BB9-9929-1805CA0B0DD0}
		{C500EF56-987B-4047-9999-831D0E558231} = {34A1DC50-486C-4BB9-9929-1805CA0B0DD0}
		{5AAC4981-C1AB-471E-A0B3-C0BBFE8CD855} = {34A1DC50-486C-4BB9-9929-1805CA0B0DD0}
		{15262650-814E-4631-A0EE-98D4857BF0B3} = {B1BA53C8-CCCF-46D5-BA9F-6031811F2E19}
		{D8E37D7D-E535-4790-B93C-1E60AD624C70} = {B1BA53C8-CCCF-46D5-BA9F-6031811F2E19}
		{C2C87D71-4BB3-4DD1-BE4D-35DEBF927290} = {0581267E-B53B-4BBE-BB90-80C3CA0C4ACD}
		{358CD7A8-E78B-4DCD-8640-EA62442755D7} = {23E375E0-8A4A-4D6A-8C96-9F2046CE9EB0}
		{47D45F49-E8E0-4267-9FDA-8635DA6F5348} = {B1BA53C8-CCCF-46D5-BA9F-6031811F2E19}
		{F91B0866-9DF5-488D-AD3E-1E471509C60F} = {34A1DC50-486C-4BB9-9929-1805CA0B0DD0}
	EndGlobalSection
	GlobalSection(ExtensibilityGlobals) = postSolution
		SolutionGuid = {99D656D2-FC86-462A-BB4C-610D644ADC62}
	EndGlobalSection
EndGlobal
