
Microsoft Visual Studio Solution File, Format Version 12.00
# Visual Studio 15
VisualStudioVersion = 15.0.26124.0
MinimumVisualStudioVersion = 15.0.26124.0
Project("{2150E333-8FDC-42A3-9474-1A3956D46DE8}") = "Solution Items", "Solution Items", "{349471F5-6612-4580-A3F2-9049DCB75114}"
	ProjectSection(SolutionItems) = preProject
		.EditorConfig = .EditorConfig
		version.props = version.props
	EndProjectSection
EndProject
Project("{2150E333-8FDC-42A3-9474-1A3956D46DE8}") = "src", "src", "{34A1DC50-486C-4BB9-9929-1805CA0B0DD0}"
EndProject
Project("{2150E333-8FDC-42A3-9474-1A3956D46DE8}") = "test", "test", "{B1BA53C8-CCCF-46D5-BA9F-6031811F2E19}"
EndProject
Project("{9A19103F-16F7-4668-BE54-9A1E7A4F7556}") = "Magma.Tcp", "src\Magma.Tcp\Magma.Tcp.csproj", "{016DC9BA-C99C-4FBC-894F-D782B0888F77}"
EndProject
Project("{9A19103F-16F7-4668-BE54-9A1E7A4F7556}") = "Magma.Ip", "src\Magma.Ip\Magma.Ip.csproj", "{6B693D94-D357-4C79-A7FB-25DB4826D80E}"
EndProject
Project("{9A19103F-16F7-4668-BE54-9A1E7A4F7556}") = "Magma.Link", "src\Magma.Link\Magma.Link.csproj", "{44FBF1F8-FDFB-4EF5-B8F7-81DCAD24B78A}"
EndProject
Project("{9A19103F-16F7-4668-BE54-9A1E7A4F7556}") = "Magma.Udp", "src\Magma.Udp\Magma.Udp.csproj", "{069D002A-4878-46E2-B8A3-AD7B4B06F7B0}"
EndProject
Project("{9A19103F-16F7-4668-BE54-9A1E7A4F7556}") = "Magma.Network", "src\Magma.Network\Magma.Network.csproj", "{498CEB5E-5D3D-4FBF-8EE2-6BB6F9039D59}"
EndProject
Project("{9A19103F-16F7-4668-BE54-9A1E7A4F7556}") = "Magma.Icmp", "src\Magma.Icmp\Magma.Icmp.csproj", "{80F88BE1-E03E-481A-8EAB-B55772FA2BB6}"
EndProject
Global
	GlobalSection(SolutionConfigurationPlatforms) = preSolution
		Debug|Any CPU = Debug|Any CPU
		Release|Any CPU = Release|Any CPU
	EndGlobalSection
	GlobalSection(ProjectConfigurationPlatforms) = postSolution
		{016DC9BA-C99C-4FBC-894F-D782B0888F77}.Debug|Any CPU.ActiveCfg = Debug|Any CPU
		{016DC9BA-C99C-4FBC-894F-D782B0888F77}.Debug|Any CPU.Build.0 = Debug|Any CPU
		{016DC9BA-C99C-4FBC-894F-D782B0888F77}.Release|Any CPU.ActiveCfg = Release|Any CPU
		{016DC9BA-C99C-4FBC-894F-D782B0888F77}.Release|Any CPU.Build.0 = Release|Any CPU
		{6B693D94-D357-4C79-A7FB-25DB4826D80E}.Debug|Any CPU.ActiveCfg = Debug|Any CPU
		{6B693D94-D357-4C79-A7FB-25DB4826D80E}.Debug|Any CPU.Build.0 = Debug|Any CPU
		{6B693D94-D357-4C79-A7FB-25DB4826D80E}.Release|Any CPU.ActiveCfg = Release|Any CPU
		{6B693D94-D357-4C79-A7FB-25DB4826D80E}.Release|Any CPU.Build.0 = Release|Any CPU
		{44FBF1F8-FDFB-4EF5-B8F7-81DCAD24B78A}.Debug|Any CPU.ActiveCfg = Debug|Any CPU
		{44FBF1F8-FDFB-4EF5-B8F7-81DCAD24B78A}.Debug|Any CPU.Build.0 = Debug|Any CPU
		{44FBF1F8-FDFB-4EF5-B8F7-81DCAD24B78A}.Release|Any CPU.ActiveCfg = Release|Any CPU
		{44FBF1F8-FDFB-4EF5-B8F7-81DCAD24B78A}.Release|Any CPU.Build.0 = Release|Any CPU
		{069D002A-4878-46E2-B8A3-AD7B4B06F7B0}.Debug|Any CPU.ActiveCfg = Debug|Any CPU
		{069D002A-4878-46E2-B8A3-AD7B4B06F7B0}.Debug|Any CPU.Build.0 = Debug|Any CPU
		{069D002A-4878-46E2-B8A3-AD7B4B06F7B0}.Release|Any CPU.ActiveCfg = Release|Any CPU
		{069D002A-4878-46E2-B8A3-AD7B4B06F7B0}.Release|Any CPU.Build.0 = Release|Any CPU
		{498CEB5E-5D3D-4FBF-8EE2-6BB6F9039D59}.Debug|Any CPU.ActiveCfg = Debug|Any CPU
		{498CEB5E-5D3D-4FBF-8EE2-6BB6F9039D59}.Debug|Any CPU.Build.0 = Debug|Any CPU
		{498CEB5E-5D3D-4FBF-8EE2-6BB6F9039D59}.Release|Any CPU.ActiveCfg = Release|Any CPU
		{498CEB5E-5D3D-4FBF-8EE2-6BB6F9039D59}.Release|Any CPU.Build.0 = Release|Any CPU
		{80F88BE1-E03E-481A-8EAB-B55772FA2BB6}.Debug|Any CPU.ActiveCfg = Debug|Any CPU
		{80F88BE1-E03E-481A-8EAB-B55772FA2BB6}.Debug|Any CPU.Build.0 = Debug|Any CPU
		{80F88BE1-E03E-481A-8EAB-B55772FA2BB6}.Release|Any CPU.ActiveCfg = Release|Any CPU
		{80F88BE1-E03E-481A-8EAB-B55772FA2BB6}.Release|Any CPU.Build.0 = Release|Any CPU
	EndGlobalSection
	GlobalSection(SolutionProperties) = preSolution
		HideSolutionNode = FALSE
	EndGlobalSection
	GlobalSection(NestedProjects) = preSolution
		{016DC9BA-C99C-4FBC-894F-D782B0888F77} = {34A1DC50-486C-4BB9-9929-1805CA0B0DD0}
		{6B693D94-D357-4C79-A7FB-25DB4826D80E} = {34A1DC50-486C-4BB9-9929-1805CA0B0DD0}
		{44FBF1F8-FDFB-4EF5-B8F7-81DCAD24B78A} = {34A1DC50-486C-4BB9-9929-1805CA0B0DD0}
		{069D002A-4878-46E2-B8A3-AD7B4B06F7B0} = {34A1DC50-486C-4BB9-9929-1805CA0B0DD0}
		{498CEB5E-5D3D-4FBF-8EE2-6BB6F9039D59} = {34A1DC50-486C-4BB9-9929-1805CA0B0DD0}
		{80F88BE1-E03E-481A-8EAB-B55772FA2BB6} = {34A1DC50-486C-4BB9-9929-1805CA0B0DD0}
	EndGlobalSection
	GlobalSection(ExtensibilityGlobals) = postSolution
		SolutionGuid = {99D656D2-FC86-462A-BB4C-610D644ADC62}
	EndGlobalSection
EndGlobal
