
Microsoft Visual Studio Solution File, Format Version 12.00
# Visual Studio 15
VisualStudioVersion = 15.0.26124.0
MinimumVisualStudioVersion = 15.0.26124.0
Project("{2150E333-8FDC-42A3-9474-1A3956D46DE8}") = "Solution Items", "Solution Items", "{349471F5-6612-4580-A3F2-9049DCB75114}"
	ProjectSection(SolutionItems) = preProject
		.EditorConfig = .EditorConfig
		version.props = version.props
	EndProjectSection
EndProject
Project("{2150E333-8FDC-42A3-9474-1A3956D46DE8}") = "src", "src", "{34A1DC50-486C-4BB9-9929-1805CA0B0DD0}"
EndProject
Project("{2150E333-8FDC-42A3-9474-1A3956D46DE8}") = "test", "test", "{B1BA53C8-CCCF-46D5-BA9F-6031811F2E19}"
EndProject
Project("{FAE04EC0-301F-11D3-BF4B-00C04F79EFBC}") = "Magma.Network", "src\Magma.Network\Magma.Network.csproj", "{36F37FCC-AD28-4018-ABDF-040C7C04B986}"
EndProject
Global
	GlobalSection(SolutionConfigurationPlatforms) = preSolution
		Debug|Any CPU = Debug|Any CPU
		Debug|x64 = Debug|x64
		Debug|x86 = Debug|x86
		Release|Any CPU = Release|Any CPU
		Release|x64 = Release|x64
		Release|x86 = Release|x86
	EndGlobalSection
	GlobalSection(ProjectConfigurationPlatforms) = postSolution
		{36F37FCC-AD28-4018-ABDF-040C7C04B986}.Debug|Any CPU.ActiveCfg = Debug|Any CPU
		{36F37FCC-AD28-4018-ABDF-040C7C04B986}.Debug|Any CPU.Build.0 = Debug|Any CPU
		{36F37FCC-AD28-4018-ABDF-040C7C04B986}.Debug|x64.ActiveCfg = Debug|Any CPU
		{36F37FCC-AD28-4018-ABDF-040C7C04B986}.Debug|x64.Build.0 = Debug|Any CPU
		{36F37FCC-AD28-4018-ABDF-040C7C04B986}.Debug|x86.ActiveCfg = Debug|Any CPU
		{36F37FCC-AD28-4018-ABDF-040C7C04B986}.Debug|x86.Build.0 = Debug|Any CPU
		{36F37FCC-AD28-4018-ABDF-040C7C04B986}.Release|Any CPU.ActiveCfg = Release|Any CPU
		{36F37FCC-AD28-4018-ABDF-040C7C04B986}.Release|Any CPU.Build.0 = Release|Any CPU
		{36F37FCC-AD28-4018-ABDF-040C7C04B986}.Release|x64.ActiveCfg = Release|Any CPU
		{36F37FCC-AD28-4018-ABDF-040C7C04B986}.Release|x64.Build.0 = Release|Any CPU
		{36F37FCC-AD28-4018-ABDF-040C7C04B986}.Release|x86.ActiveCfg = Release|Any CPU
		{36F37FCC-AD28-4018-ABDF-040C7C04B986}.Release|x86.Build.0 = Release|Any CPU
	EndGlobalSection
	GlobalSection(SolutionProperties) = preSolution
		HideSolutionNode = FALSE
	EndGlobalSection
	GlobalSection(NestedProjects) = preSolution
		{36F37FCC-AD28-4018-ABDF-040C7C04B986} = {34A1DC50-486C-4BB9-9929-1805CA0B0DD0}
	EndGlobalSection
	GlobalSection(ExtensibilityGlobals) = postSolution
		SolutionGuid = {99D656D2-FC86-462A-BB4C-610D644ADC62}
	EndGlobalSection
EndGlobal
