{
  "version": 1,
  "dependencies": {
    "net10.0": {
      "Microsoft.Windows.Compatibility": {
        "type": "Direct",
        "requested": "[2.0.0, )",
        "resolved": "2.0.0",
        "contentHash": "grF6lUwE8U9iclB4KfNhQXwPxqxWK13ivOPTxJ3ebjWlPlmy4DVPjKoqM4tz30gQ+B1TAe5uHW25/EhefuWKuw==",
        "dependencies": {
          "Microsoft.Win32.Registry.AccessControl": "4.5.0",
          "Microsoft.Win32.SystemEvents": "4.5.0",
          "Microsoft.Windows.Compatibility.Shims": "2.0.0",
          "System.CodeDom": "4.5.0",
          "System.ComponentModel.Composition": "4.5.0",
          "System.Configuration.ConfigurationManager": "4.5.0",
          "System.Data.DataSetExtensions": "4.5.0",
          "System.Data.Odbc": "4.5.0",
          "System.Data.SqlClient": "4.5.0",
          "System.Diagnostics.EventLog": "4.5.0",
          "System.Diagnostics.PerformanceCounter": "4.5.0",
          "System.DirectoryServices": "4.5.0",
          "System.DirectoryServices.AccountManagement": "4.5.0",
          "System.DirectoryServices.Protocols": "4.5.0",
          "System.Drawing.Common": "4.5.0",
          "System.IO.FileSystem.AccessControl": "4.5.0",
          "System.IO.Packaging": "4.5.0",
          "System.IO.Ports": "4.5.0",
          "System.Management": "4.5.0",
          "System.Runtime.Caching": "4.5.0",
          "System.Security.Cryptography.Pkcs": "4.5.0",
          "System.Security.Cryptography.ProtectedData": "4.5.0",
          "System.Security.Cryptography.Xml": "4.5.0",
          "System.Security.Permissions": "4.5.0",
          "System.ServiceModel.Duplex": "4.4.1",
          "System.ServiceModel.Http": "4.4.1",
          "System.ServiceModel.NetTcp": "4.4.1",
          "System.ServiceModel.Primitives": "4.4.1",
          "System.ServiceModel.Security": "4.4.1",
          "System.ServiceModel.Syndication": "4.5.0",
          "System.ServiceProcess.ServiceController": "4.5.0"
        }
      },
      "Microsoft.NETCore.Platforms": {
        "type": "Transitive",
        "resolved": "2.0.0",
        "contentHash": "VdLJOCXhZaEMY7Hm2GKiULmn7IEPFE4XC5LPSfBVCUIA8YLZVh846gtfBJalsPQF2PlzdD7ecX7DZEulJ402ZQ=="
      },
      "Microsoft.Win32.Registry.AccessControl": {
        "type": "Transitive",
        "resolved": "4.5.0",
        "contentHash": "f2aT8NLc9DsB1VEaM4jlYF9DFLA12+ccmWzWA0HEVC3Vgac7tGLSgrU6jtUG+VO1/R5zA6AomQ2pKqJ+5SDWyQ=="
      },
      "Microsoft.Win32.SystemEvents": {
        "type": "Transitive",
        "resolved": "4.5.0",
        "contentHash": "LuI1oG+24TUj1ZRQQjM5Ew73BKnZE5NZ/7eAdh1o8ST5dPhUnJvIkiIn2re3MwnkRy6ELRnvEbBxHP8uALKhJw==",
        "dependencies": {
          "Microsoft.NETCore.Platforms": "2.0.0"
        }
      },
      "Microsoft.Windows.Compatibility.Shims": {
        "type": "Transitive",
        "resolved": "2.0.0",
        "contentHash": "jDrm39dTk/JpeiPjXWVquPfLOIBYG8N1q4mQcppYaWuFu15p/+h6/dNKg/NJpWAbVZpFOqBGH/Di1Xbz8hiynQ=="
      },
      "runtime.native.System.Data.SqlClient.sni": {
        "type": "Transitive",
        "resolved": "4.4.0",
        "contentHash": "A8v6PGmk+UGbfWo5Ixup0lPM4swuSwOiayJExZwKIOjTlFFQIsu3QnDXECosBEyrWSPryxBVrdqtJyhK3BaupQ==",
        "dependencies": {
          "runtime.win-arm64.runtime.native.System.Data.SqlClient.sni": "4.4.0",
          "runtime.win-x64.runtime.native.System.Data.SqlClient.sni": "4.4.0",
          "runtime.win-x86.runtime.native.System.Data.SqlClient.sni": "4.4.0"
        }
      },
      "runtime.win-arm64.runtime.native.System.Data.SqlClient.sni": {
        "type": "Transitive",
        "resolved": "4.4.0",
        "contentHash": "LbrynESTp3bm5O/+jGL8v0Qg5SJlTV08lpIpFesXjF6uGNMWqFnUQbYBJwZTeua6E/Y7FIM1C54Ey1btLWupdg=="
      },
      "runtime.win-x64.runtime.native.System.Data.SqlClient.sni": {
        "type": "Transitive",
        "resolved": "4.4.0",
        "contentHash": "38ugOfkYJqJoX9g6EYRlZB5U2ZJH51UP8ptxZgdpS07FgOEToV+lS11ouNK2PM12Pr6X/PpT5jK82G3DwH/SxQ=="
      },
      "runtime.win-x86.runtime.native.System.Data.SqlClient.sni": {
        "type": "Transitive",
        "resolved": "4.4.0",
        "contentHash": "YhEdSQUsTx+C8m8Bw7ar5/VesXvCFMItyZF7G1AUY+OM0VPZUOeAVpJ4Wl6fydBGUYZxojTDR3I6Bj/+BPkJNA=="
      },
      "System.CodeDom": {
        "type": "Transitive",
        "resolved": "4.5.0",
        "contentHash": "gqpR1EeXOuzNQWL7rOzmtdIz3CaXVjSQCiaGOs2ivjPwynKSJYm39X81fdlp7WuojZs/Z5t1k5ni7HtKQurhjw=="
      },
      "System.ComponentModel.Composition": {
        "type": "Transitive",
        "resolved": "4.5.0",
        "contentHash": "+iB9FoZnfdqMEGq6np28X6YNSUrse16CakmIhV3h6PxEWt7jYxUN3Txs1D8MZhhf4QmyvK0F/EcIN0f4gGN0dA==",
        "dependencies": {
          "System.Security.Permissions": "4.5.0"
        }
      },
      "System.Configuration.ConfigurationManager": {
        "type": "Transitive",
        "resolved": "4.5.0",
        "contentHash": "UIFvaFfuKhLr9u5tWMxmVoDPkFeD+Qv8gUuap4aZgVGYSYMdERck4OhLN/2gulAc0nYTEigWXSJNNWshrmxnng==",
        "dependencies": {
          "System.Security.Cryptography.ProtectedData": "4.5.0",
          "System.Security.Permissions": "4.5.0"
        }
      },
      "System.Data.DataSetExtensions": {
        "type": "Transitive",
        "resolved": "4.5.0",
        "contentHash": "221clPs1445HkTBZPL+K9sDBdJRB8UN8rgjO3ztB0CQ26z//fmJXtlsr6whGatscsKGBrhJl5bwJuKSA8mwFOw=="
      },
      "System.Data.Odbc": {
        "type": "Transitive",
        "resolved": "4.5.0",
        "contentHash": "9FEiWrYDNt/5KrqWr2V8eK3lgE61uhx0VV3mPwRCD6MBm1zurGd46LV87RsligKlThbHPpvLkIQnQ0Xv0YZLCg=="
      },
      "System.Data.SqlClient": {
        "type": "Transitive",
        "resolved": "4.5.0",
        "contentHash": "7xeDd8j7T/j2/OWsbVCx1QmCaHf2AnML0FXslTeo4My3F9tAcdSzrnrLdIi49bzNazHykQIfyU5nb3+jmE/CoQ==",
        "dependencies": {
          "runtime.native.System.Data.SqlClient.sni": "4.4.0"
        }
      },
      "System.Diagnostics.EventLog": {
        "type": "Transitive",
        "resolved": "4.5.0",
        "contentHash": "QaQAhEk18QSBPSu4VjXcznvjlg45IoXcJJNS5hcoqyyLj58g/SzQwpYXUrdzo+UtHV0grmOzFwABxhCYSTTp5Q==",
        "dependencies": {
          "Microsoft.NETCore.Platforms": "2.0.0",
          "System.Security.Permissions": "4.5.0"
        }
      },
      "System.Diagnostics.PerformanceCounter": {
        "type": "Transitive",
        "resolved": "4.5.0",
        "contentHash": "JUO5/moXgchWZBMBElgmPebZPKCgwW8kY3dFwVJavaNR2ftcc/YjXXGjOaCjly2KBXT7Ld5l/GTkMVzNv41yZA==",
        "dependencies": {
          "Microsoft.NETCore.Platforms": "2.0.0",
          "System.Configuration.ConfigurationManager": "4.5.0"
        }
      },
      "System.DirectoryServices": {
        "type": "Transitive",
        "resolved": "4.5.0",
        "contentHash": "6Uty9sMaeBG0/GIRTW4+DUTvuB/od5E6rY45JbEz1c2xMoPSA9GLov4KdiBEpjsEcsgORa6sC3vfh70tEJJaOw==",
        "dependencies": {
          "Microsoft.NETCore.Platforms": "2.0.0",
          "System.IO.FileSystem.AccessControl": "4.5.0"
        }
      },
      "System.DirectoryServices.AccountManagement": {
        "type": "Transitive",
        "resolved": "4.5.0",
        "contentHash": "m9Blc7UXAVMG60+CWhC9KC4y+4azuiHu3QOvII27BYfV8TDmaay6smZrrx1u7DhfJ4Gjt14eKzj8VO2aR9/aBw==",
        "dependencies": {
          "Microsoft.NETCore.Platforms": "2.0.0",
          "System.Configuration.ConfigurationManager": "4.5.0",
          "System.DirectoryServices": "4.5.0",
          "System.DirectoryServices.Protocols": "4.5.0",
          "System.IO.FileSystem.AccessControl": "4.5.0"
        }
      },
      "System.DirectoryServices.Protocols": {
        "type": "Transitive",
        "resolved": "4.5.0",
        "contentHash": "EpWC9CW2GdFiWzhWEIcXX8tMPGRdrpL+1BI4WyBYG4G1TlOuMXO3bpyLydEo5/3ThDFPzWfp0Yp0u360dGwvJQ==",
        "dependencies": {
          "Microsoft.NETCore.Platforms": "2.0.0"
        }
      },
      "System.Drawing.Common": {
        "type": "Transitive",
        "resolved": "4.5.0",
        "contentHash": "AiJFxxVPdeITstiRS5aAu8+8Dpf5NawTMoapZ53Gfirml24p7HIfhjmCRxdXnmmf3IUA3AX3CcW7G73CjWxW/Q==",
        "dependencies": {
          "Microsoft.NETCore.Platforms": "2.0.0",
          "Microsoft.Win32.SystemEvents": "4.5.0"
        }
      },
      "System.IO.FileSystem.AccessControl": {
        "type": "Transitive",
        "resolved": "4.5.0",
        "contentHash": "TYe6xstoqT5MlTly0OtPU6u9zWuNScLVMEx6sTCjjx+Hqdp0wCXoG6fnzMpTPMQACXQzi9pd2N5Tloow+5jQdQ=="
      },
      "System.IO.Packaging": {
        "type": "Transitive",
        "resolved": "4.5.0",
        "contentHash": "OjtW5pGp1E7KE3ontBrzy+nSFJCM6pcbVDdo3gg4DauTfdtZKdeKvMVlADF4fSY+OfXWUp4qCvOSxIltt37LbA=="
      },
      "System.IO.Ports": {
        "type": "Transitive",
        "resolved": "4.5.0",
        "contentHash": "7bd6tcZZbTeNKOLUm2KZboJug0VRP8IW7HEC/zuILEO1THGXrHWhskIYtfiKOeCEEfqskK34MeVO6zWjr2Vlpw=="
      },
      "System.Management": {
        "type": "Transitive",
        "resolved": "4.5.0",
        "contentHash": "Z6ac0qPGr3yJtwZEX1SRkhwWa0Kf5NJxx7smLboYsGrApQFECNFdqhGy252T4lrZ5Nwzhd9VQiaifndR3bfHdg==",
        "dependencies": {
          "Microsoft.NETCore.Platforms": "2.0.0",
          "System.CodeDom": "4.5.0"
        }
      },
      "System.Net.Http.WinHttpHandler": {
        "type": "Transitive",
        "resolved": "4.4.0",
        "contentHash": "ZmsFZIZ4PL2UfUlfj4KCzzAGGE2SF39ENIqtvfgu0bwMEAe3J3CqZr765E2W6eQQtNK08/8DpHcsA0sAKZdEtA=="
      },
      "System.Private.ServiceModel": {
        "type": "Transitive",
        "resolved": "4.4.1",
        "contentHash": "EG5r4+WK/WpGqdeib+/Qb3tgBmpzqxcaYOfG2EdWkHeR98xaOaiKOx+U2f76ERCW+snmorf7vlV+5XwQ5VLJoQ==",
        "dependencies": {
          "Microsoft.NETCore.Platforms": "2.0.0",
          "System.Net.Http.WinHttpHandler": "4.4.0"
        }
      },
      "System.Runtime.Caching": {
        "type": "Transitive",
        "resolved": "4.5.0",
        "contentHash": "95j9KShuaAENf2gLbQ/9YoJDHIWAnoaFYA71xo4QVQyLkOMginn34cD1+6RcYIrqJamLkMXgvgUnOzwzBk+U0w==",
        "dependencies": {
          "Microsoft.NETCore.Platforms": "2.0.0",
          "System.Configuration.ConfigurationManager": "4.5.0"
        }
      },
      "System.Security.Cryptography.Pkcs": {
        "type": "Transitive",
        "resolved": "4.5.0",
        "contentHash": "TGQX51gxpY3K3I6LJlE2LAftVlIMqJf0cBGhz68Y89jjk3LJCB6SrwiD+YN1fkqemBvWGs+GjyMJukl6d6goyQ=="
      },
      "System.Security.Cryptography.ProtectedData": {
        "type": "Transitive",
        "resolved": "4.5.0",
        "contentHash": "wLBKzFnDCxP12VL9ANydSYhk59fC4cvOr9ypYQLPnAj48NQIhqnjdD2yhP8yEKyBJEjERWS9DisKL7rX5eU25Q=="
      },
      "System.Security.Cryptography.Xml": {
        "type": "Transitive",
        "resolved": "4.5.0",
        "contentHash": "i2Jn6rGXR63J0zIklImGRkDIJL4b1NfPSEbIVHBlqoIb12lfXIigCbDRpDmIEzwSo/v1U5y/rYJdzZYSyCWxvg==",
        "dependencies": {
          "System.Security.Cryptography.Pkcs": "4.5.0",
          "System.Security.Permissions": "4.5.0"
        }
      },
      "System.Security.Permissions": {
        "type": "Transitive",
        "resolved": "4.5.0",
        "contentHash": "9gdyuARhUR7H+p5CjyUB/zPk7/Xut3wUSP8NJQB6iZr8L3XUXTMdoLeVAg9N4rqF8oIpE7MpdqHdDHQ7XgJe0g=="
      },
      "System.ServiceModel.Duplex": {
        "type": "Transitive",
        "resolved": "4.4.1",
        "contentHash": "yqoKih7MgUgLPdoA0nspo6u0YTQuj55jPlzyCwRWNWQfCe2hgVmKT6/N8BWiBeuf8zLs9gDKFj+eZLKJMD+pTA==",
        "dependencies": {
          "System.Private.ServiceModel": "4.4.1",
          "System.ServiceModel.Primitives": "4.4.1"
        }
      },
      "System.ServiceModel.Http": {
        "type": "Transitive",
        "resolved": "4.4.1",
        "contentHash": "i/ji0BRTGRACR/NegTMvgsOh2bA1FnHzLVgNBOz4Xxxwovd3z3pE+YKKtkrxE3MNm00pf30HW13CHf7i2VzBQA==",
        "dependencies": {
          "System.Private.ServiceModel": "4.4.1",
          "System.ServiceModel.Primitives": "4.4.1"
        }
      },
      "System.ServiceModel.NetTcp": {
        "type": "Transitive",
        "resolved": "4.4.1",
        "contentHash": "MzPX/s4x1IVV327kvXu1XWPUUOHjGqEScOcaTGUzxWJ0VGyPX6Tbe85re4/nlPdRyfetsCChmmUuKylnrbJ1Jw==",
        "dependencies": {
          "System.Private.ServiceModel": "4.4.1",
          "System.ServiceModel.Primitives": "4.4.1"
        }
      },
      "System.ServiceModel.Primitives": {
        "type": "Transitive",
        "resolved": "4.4.1",
        "contentHash": "vp7zTf2xEq8shjlT6IZj0nkmIl+3eoPVrxrFtMS14ldFyDHqe9KB6YNOc6oirkg0udPnF5tSpxlrtTqANDGoMQ==",
        "dependencies": {
          "System.Private.ServiceModel": "4.4.1"
        }
      },
      "System.ServiceModel.Security": {
        "type": "Transitive",
        "resolved": "4.4.1",
        "contentHash": "BKb4d8SyRjQ9pKEbcUch+UKK1AbHzxlU9klpym2WNbZkKOK10B/j9PGrYRrg+36jxt8SdO9FolIRlzP/N/e0IA==",
        "dependencies": {
          "System.Private.ServiceModel": "4.4.1",
          "System.ServiceModel.Primitives": "4.4.1"
        }
      },
      "System.ServiceModel.Syndication": {
        "type": "Transitive",
        "resolved": "4.5.0",
        "contentHash": "Tm3vhsv0PnrU7avYEP6vSQiqr+Dhe7N8NPbnInWMhSSmIMmutyfSg349pqnv0JboK3l/9eHNiX4KD5NMUsvhmQ=="
      },
      "System.ServiceProcess.ServiceController": {
        "type": "Transitive",
        "resolved": "4.5.0",
        "contentHash": "8DGUtcNHf9TlvSVemKMFiqcOWJ4OdGBgvpcGL/cYossGf5ApMQdPUQS8vXHTBmlbYAcG+JXsjMFGAHp2oJrr+Q==",
        "dependencies": {
          "System.Diagnostics.EventLog": "4.5.0"
        }
      },
      "magma.common": {
        "type": "Project"
      },
      "magma.internet.ip": {
        "type": "Project",
        "dependencies": {
          "Magma.Common": "[1.0.0, )"
        }
      },
      "magma.link": {
        "type": "Project"
      },
      "magma.network.abstractions": {
        "type": "Project"
      }
    }
  }
}